
Microsoft Visual Studio Solution File, Format Version 12.00
# Visual Studio Version 17
VisualStudioVersion = 17.5.002.0
MinimumVisualStudioVersion = 10.0.40219.1
Project("{9A19103F-16F7-4668-BE54-9A1E7A4F7556}") = "Assembly-CSharp-Editor", "Assembly-CSharp-Editor.csproj", "{D0791CD2-ABCA-4B78-B589-FA712718DD80}"
EndProject
Project("{9A19103F-16F7-4668-BE54-9A1E7A4F7556}") = "Assembly-CSharp", "Assembly-CSharp.csproj", "{5A9E211E-6DCB-4324-B7BC-E4B1F85A76F8}"
EndProject
Global
	GlobalSection(SolutionConfigurationPlatforms) = preSolution
		Debug|Any CPU = Debug|Any CPU
		Release|Any CPU = Release|Any CPU
	EndGlobalSection
	GlobalSection(ProjectConfigurationPlatforms) = postSolution
		{D0791CD2-ABCA-4B78-B589-FA712718DD80}.Debug|Any CPU.ActiveCfg = Debug|Any CPU
		{D0791CD2-ABCA-4B78-B589-FA712718DD80}.Debug|Any CPU.Build.0 = Debug|Any CPU
		{D0791CD2-ABCA-4B78-B589-FA712718DD80}.Release|Any CPU.ActiveCfg = Release|Any CPU
		{D0791CD2-ABCA-4B78-B589-FA712718DD80}.Release|Any CPU.Build.0 = Release|Any CPU
		{5A9E211E-6DCB-4324-B7BC-E4B1F85A76F8}.Debug|Any CPU.ActiveCfg = Debug|Any CPU
		{5A9E211E-6DCB-4324-B7BC-E4B1F85A76F8}.Debug|Any CPU.Build.0 = Debug|Any CPU
		{5A9E211E-6DCB-4324-B7BC-E4B1F85A76F8}.Release|Any CPU.ActiveCfg = Release|Any CPU
		{5A9E211E-6DCB-4324-B7BC-E4B1F85A76F8}.Release|Any CPU.Build.0 = Release|Any CPU
	EndGlobalSection
	GlobalSection(SolutionProperties) = preSolution
		HideSolutionNode = FALSE
	EndGlobalSection
	GlobalSection(ExtensibilityGlobals) = postSolution
		SolutionGuid = {DD86CA5A-B385-4DEC-9E70-76179809E866}
	EndGlobalSection
EndGlobal
